
Microsoft Visual Studio Solution File, Format Version 12.00
# Visual Studio 15
VisualStudioVersion = 15.0.25920.0
MinimumVisualStudioVersion = 10.0.40219.1
Project("{9A19103F-16F7-4668-BE54-9A1E7A4F7556}") = "Refit.Tests", "Refit.Tests\Refit.Tests.csproj", "{5F52E5C6-9A0B-48B3-AE05-D8CB0B9CC605}"
EndProject
Project("{FAE04EC0-301F-11D3-BF4B-00C04F79EFBC}") = "InterfaceStubGenerator", "InterfaceStubGenerator\InterfaceStubGenerator.csproj", "{5694F8AD-7A15-4717-B649-1749A311300B}"
EndProject
Project("{2150E333-8FDC-42A3-9474-1A3956D46DE8}") = "Solution Items", "Solution Items", "{4F1C8991-7097-4471-A9A6-A72005AB594D}"
	ProjectSection(SolutionItems) = preProject
		Rebracer.xml = Rebracer.xml
		Refit\refit.nuspec = Refit\refit.nuspec
		Refit\targets\refit.targets = Refit\targets\refit.targets
	EndProjectSection
EndProject
Project("{2150E333-8FDC-42A3-9474-1A3956D46DE8}") = "Tests", "Tests", "{0E99249A-FB80-4C60-8FD3-13820E853FF7}"
EndProject
Project("{9A19103F-16F7-4668-BE54-9A1E7A4F7556}") = "Refit", "Refit\Refit.csproj", "{E156E10B-0A06-49C0-B567-A663A5199DC0}"
EndProject
Global
	GlobalSection(SolutionConfigurationPlatforms) = preSolution
		Debug|Any CPU = Debug|Any CPU
		Debug|ARM = Debug|ARM
		Debug|x64 = Debug|x64
		Debug|x86 = Debug|x86
		Release|Any CPU = Release|Any CPU
		Release|ARM = Release|ARM
		Release|x64 = Release|x64
		Release|x86 = Release|x86
	EndGlobalSection
	GlobalSection(ProjectConfigurationPlatforms) = postSolution
		{5F52E5C6-9A0B-48B3-AE05-D8CB0B9CC605}.Debug|Any CPU.ActiveCfg = Debug|Any CPU
		{5F52E5C6-9A0B-48B3-AE05-D8CB0B9CC605}.Debug|Any CPU.Build.0 = Debug|Any CPU
		{5F52E5C6-9A0B-48B3-AE05-D8CB0B9CC605}.Debug|ARM.ActiveCfg = Debug|Any CPU
		{5F52E5C6-9A0B-48B3-AE05-D8CB0B9CC605}.Debug|x64.ActiveCfg = Debug|Any CPU
		{5F52E5C6-9A0B-48B3-AE05-D8CB0B9CC605}.Debug|x86.ActiveCfg = Debug|Any CPU
		{5F52E5C6-9A0B-48B3-AE05-D8CB0B9CC605}.Release|Any CPU.ActiveCfg = Release|Any CPU
		{5F52E5C6-9A0B-48B3-AE05-D8CB0B9CC605}.Release|Any CPU.Build.0 = Release|Any CPU
		{5F52E5C6-9A0B-48B3-AE05-D8CB0B9CC605}.Release|ARM.ActiveCfg = Release|Any CPU
		{5F52E5C6-9A0B-48B3-AE05-D8CB0B9CC605}.Release|x64.ActiveCfg = Release|Any CPU
		{5F52E5C6-9A0B-48B3-AE05-D8CB0B9CC605}.Release|x86.ActiveCfg = Release|Any CPU
		{5694F8AD-7A15-4717-B649-1749A311300B}.Debug|Any CPU.ActiveCfg = Debug|Any CPU
		{5694F8AD-7A15-4717-B649-1749A311300B}.Debug|Any CPU.Build.0 = Debug|Any CPU
		{5694F8AD-7A15-4717-B649-1749A311300B}.Debug|ARM.ActiveCfg = Debug|Any CPU
		{5694F8AD-7A15-4717-B649-1749A311300B}.Debug|x64.ActiveCfg = Debug|Any CPU
		{5694F8AD-7A15-4717-B649-1749A311300B}.Debug|x86.ActiveCfg = Debug|Any CPU
		{5694F8AD-7A15-4717-B649-1749A311300B}.Release|Any CPU.ActiveCfg = Release|Any CPU
		{5694F8AD-7A15-4717-B649-1749A311300B}.Release|Any CPU.Build.0 = Release|Any CPU
		{5694F8AD-7A15-4717-B649-1749A311300B}.Release|ARM.ActiveCfg = Release|Any CPU
		{5694F8AD-7A15-4717-B649-1749A311300B}.Release|x64.ActiveCfg = Release|Any CPU
		{5694F8AD-7A15-4717-B649-1749A311300B}.Release|x86.ActiveCfg = Release|Any CPU
		{E156E10B-0A06-49C0-B567-A663A5199DC0}.Debug|Any CPU.ActiveCfg = Debug|Any CPU
		{E156E10B-0A06-49C0-B567-A663A5199DC0}.Debug|Any CPU.Build.0 = Debug|Any CPU
		{E156E10B-0A06-49C0-B567-A663A5199DC0}.Debug|ARM.ActiveCfg = Debug|Any CPU
		{E156E10B-0A06-49C0-B567-A663A5199DC0}.Debug|ARM.Build.0 = Debug|Any CPU
		{E156E10B-0A06-49C0-B567-A663A5199DC0}.Debug|x64.ActiveCfg = Debug|Any CPU
		{E156E10B-0A06-49C0-B567-A663A5199DC0}.Debug|x64.Build.0 = Debug|Any CPU
		{E156E10B-0A06-49C0-B567-A663A5199DC0}.Debug|x86.ActiveCfg = Debug|Any CPU
		{E156E10B-0A06-49C0-B567-A663A5199DC0}.Debug|x86.Build.0 = Debug|Any CPU
		{E156E10B-0A06-49C0-B567-A663A5199DC0}.Release|Any CPU.ActiveCfg = Release|Any CPU
		{E156E10B-0A06-49C0-B567-A663A5199DC0}.Release|Any CPU.Build.0 = Release|Any CPU
		{E156E10B-0A06-49C0-B567-A663A5199DC0}.Release|ARM.ActiveCfg = Release|Any CPU
		{E156E10B-0A06-49C0-B567-A663A5199DC0}.Release|ARM.Build.0 = Release|Any CPU
		{E156E10B-0A06-49C0-B567-A663A5199DC0}.Release|x64.ActiveCfg = Release|Any CPU
		{E156E10B-0A06-49C0-B567-A663A5199DC0}.Release|x64.Build.0 = Release|Any CPU
		{E156E10B-0A06-49C0-B567-A663A5199DC0}.Release|x86.ActiveCfg = Release|Any CPU
		{E156E10B-0A06-49C0-B567-A663A5199DC0}.Release|x86.Build.0 = Release|Any CPU
	EndGlobalSection
	GlobalSection(SolutionProperties) = preSolution
		HideSolutionNode = FALSE
	EndGlobalSection
	GlobalSection(NestedProjects) = preSolution
		{5F52E5C6-9A0B-48B3-AE05-D8CB0B9CC605} = {0E99249A-FB80-4C60-8FD3-13820E853FF7}
	EndGlobalSection
EndGlobal
